
Microsoft Visual Studio Solution File, Format Version 12.00
# Visual Studio Version 16
VisualStudioVersion = 16.0.29326.143
MinimumVisualStudioVersion = 10.0.40219.1
Project("{2150E333-8FDC-42A3-9474-1A3956D46DE8}") = "Solution Itens", "Solution Itens", "{E610FE45-FC29-4489-AC5E-9947D7D6E040}"
	ProjectSection(SolutionItems) = preProject
		mdSample.md = mdSample.md
		Readme.md = Readme.md
	EndProjectSection
EndProject
Project("{9A19103F-16F7-4668-BE54-9A1E7A4F7556}") = "MdTranslator", "src\MdTranslator\MdTranslator.csproj", "{C5EB3494-FE45-4706-BD3F-41AD9CFA3226}"
EndProject
Project("{9A19103F-16F7-4668-BE54-9A1E7A4F7556}") = "MdTranslator.Lib", "src\MdTranslator.Lib\MdTranslator.Lib.csproj", "{03DD076E-790A-4A0A-8A2A-9448C2D58AB0}"
EndProject
Project("{2150E333-8FDC-42A3-9474-1A3956D46DE8}") = "Solution Items", "Solution Items", "{EEAF6ECE-3216-4983-9D15-94B647BB98E0}"
	ProjectSection(SolutionItems) = preProject
		.editorconfig = .editorconfig
	EndProjectSection
EndProject
Project("{FAE04EC0-301F-11D3-BF4B-00C04F79EFBC}") = "MdTranslator.Win", "src\MdTranslator.Win\MdTranslator.Win.csproj", "{77DDBA86-E79D-4488-BDD8-5AB072DE8666}"
EndProject
Project("{FAE04EC0-301F-11D3-BF4B-00C04F79EFBC}") = "MdTranslator.Wpf", "src\MdTranslate.Wpf\MdTranslator.Wpf.csproj", "{FD6902E4-43B7-408C-B560-D6F16A23CDC9}"
EndProject
Global
	GlobalSection(SolutionConfigurationPlatforms) = preSolution
		Debug|Any CPU = Debug|Any CPU
		Debug|ARM = Debug|ARM
		Debug|ARM64 = Debug|ARM64
		Debug|x64 = Debug|x64
		Debug|x86 = Debug|x86
		Release|Any CPU = Release|Any CPU
		Release|ARM = Release|ARM
		Release|ARM64 = Release|ARM64
		Release|x64 = Release|x64
		Release|x86 = Release|x86
	EndGlobalSection
	GlobalSection(ProjectConfigurationPlatforms) = postSolution
		{C5EB3494-FE45-4706-BD3F-41AD9CFA3226}.Debug|Any CPU.ActiveCfg = Debug|Any CPU
		{C5EB3494-FE45-4706-BD3F-41AD9CFA3226}.Debug|Any CPU.Build.0 = Debug|Any CPU
		{C5EB3494-FE45-4706-BD3F-41AD9CFA3226}.Debug|ARM.ActiveCfg = Debug|Any CPU
		{C5EB3494-FE45-4706-BD3F-41AD9CFA3226}.Debug|ARM.Build.0 = Debug|Any CPU
		{C5EB3494-FE45-4706-BD3F-41AD9CFA3226}.Debug|ARM64.ActiveCfg = Debug|Any CPU
		{C5EB3494-FE45-4706-BD3F-41AD9CFA3226}.Debug|ARM64.Build.0 = Debug|Any CPU
		{C5EB3494-FE45-4706-BD3F-41AD9CFA3226}.Debug|x64.ActiveCfg = Debug|Any CPU
		{C5EB3494-FE45-4706-BD3F-41AD9CFA3226}.Debug|x64.Build.0 = Debug|Any CPU
		{C5EB3494-FE45-4706-BD3F-41AD9CFA3226}.Debug|x86.ActiveCfg = Debug|Any CPU
		{C5EB3494-FE45-4706-BD3F-41AD9CFA3226}.Debug|x86.Build.0 = Debug|Any CPU
		{C5EB3494-FE45-4706-BD3F-41AD9CFA3226}.Release|Any CPU.ActiveCfg = Release|Any CPU
		{C5EB3494-FE45-4706-BD3F-41AD9CFA3226}.Release|Any CPU.Build.0 = Release|Any CPU
		{C5EB3494-FE45-4706-BD3F-41AD9CFA3226}.Release|ARM.ActiveCfg = Release|Any CPU
		{C5EB3494-FE45-4706-BD3F-41AD9CFA3226}.Release|ARM.Build.0 = Release|Any CPU
		{C5EB3494-FE45-4706-BD3F-41AD9CFA3226}.Release|ARM64.ActiveCfg = Release|Any CPU
		{C5EB3494-FE45-4706-BD3F-41AD9CFA3226}.Release|ARM64.Build.0 = Release|Any CPU
		{C5EB3494-FE45-4706-BD3F-41AD9CFA3226}.Release|x64.ActiveCfg = Release|Any CPU
		{C5EB3494-FE45-4706-BD3F-41AD9CFA3226}.Release|x64.Build.0 = Release|Any CPU
		{C5EB3494-FE45-4706-BD3F-41AD9CFA3226}.Release|x86.ActiveCfg = Release|Any CPU
		{C5EB3494-FE45-4706-BD3F-41AD9CFA3226}.Release|x86.Build.0 = Release|Any CPU
		{03DD076E-790A-4A0A-8A2A-9448C2D58AB0}.Debug|Any CPU.ActiveCfg = Debug|Any CPU
		{03DD076E-790A-4A0A-8A2A-9448C2D58AB0}.Debug|Any CPU.Build.0 = Debug|Any CPU
		{03DD076E-790A-4A0A-8A2A-9448C2D58AB0}.Debug|ARM.ActiveCfg = Debug|Any CPU
		{03DD076E-790A-4A0A-8A2A-9448C2D58AB0}.Debug|ARM.Build.0 = Debug|Any CPU
		{03DD076E-790A-4A0A-8A2A-9448C2D58AB0}.Debug|ARM64.ActiveCfg = Debug|Any CPU
		{03DD076E-790A-4A0A-8A2A-9448C2D58AB0}.Debug|ARM64.Build.0 = Debug|Any CPU
		{03DD076E-790A-4A0A-8A2A-9448C2D58AB0}.Debug|x64.ActiveCfg = Debug|Any CPU
		{03DD076E-790A-4A0A-8A2A-9448C2D58AB0}.Debug|x64.Build.0 = Debug|Any CPU
		{03DD076E-790A-4A0A-8A2A-9448C2D58AB0}.Debug|x86.ActiveCfg = Debug|Any CPU
		{03DD076E-790A-4A0A-8A2A-9448C2D58AB0}.Debug|x86.Build.0 = Debug|Any CPU
		{03DD076E-790A-4A0A-8A2A-9448C2D58AB0}.Release|Any CPU.ActiveCfg = Release|Any CPU
		{03DD076E-790A-4A0A-8A2A-9448C2D58AB0}.Release|Any CPU.Build.0 = Release|Any CPU
		{03DD076E-790A-4A0A-8A2A-9448C2D58AB0}.Release|ARM.ActiveCfg = Release|Any CPU
		{03DD076E-790A-4A0A-8A2A-9448C2D58AB0}.Release|ARM.Build.0 = Release|Any CPU
		{03DD076E-790A-4A0A-8A2A-9448C2D58AB0}.Release|ARM64.ActiveCfg = Release|Any CPU
		{03DD076E-790A-4A0A-8A2A-9448C2D58AB0}.Release|ARM64.Build.0 = Release|Any CPU
		{03DD076E-790A-4A0A-8A2A-9448C2D58AB0}.Release|x64.ActiveCfg = Release|Any CPU
		{03DD076E-790A-4A0A-8A2A-9448C2D58AB0}.Release|x64.Build.0 = Release|Any CPU
		{03DD076E-790A-4A0A-8A2A-9448C2D58AB0}.Release|x86.ActiveCfg = Release|Any CPU
		{03DD076E-790A-4A0A-8A2A-9448C2D58AB0}.Release|x86.Build.0 = Release|Any CPU
		{77DDBA86-E79D-4488-BDD8-5AB072DE8666}.Debug|Any CPU.ActiveCfg = Debug|x64
		{77DDBA86-E79D-4488-BDD8-5AB072DE8666}.Debug|Any CPU.Build.0 = Debug|x64
		{77DDBA86-E79D-4488-BDD8-5AB072DE8666}.Debug|ARM.ActiveCfg = Debug|ARM
		{77DDBA86-E79D-4488-BDD8-5AB072DE8666}.Debug|ARM.Build.0 = Debug|ARM
		{77DDBA86-E79D-4488-BDD8-5AB072DE8666}.Debug|ARM.Deploy.0 = Debug|ARM
		{77DDBA86-E79D-4488-BDD8-5AB072DE8666}.Debug|ARM64.ActiveCfg = Debug|ARM64
		{77DDBA86-E79D-4488-BDD8-5AB072DE8666}.Debug|ARM64.Build.0 = Debug|ARM64
		{77DDBA86-E79D-4488-BDD8-5AB072DE8666}.Debug|ARM64.Deploy.0 = Debug|ARM64
		{77DDBA86-E79D-4488-BDD8-5AB072DE8666}.Debug|x64.ActiveCfg = Debug|x64
		{77DDBA86-E79D-4488-BDD8-5AB072DE8666}.Debug|x64.Build.0 = Debug|x64
		{77DDBA86-E79D-4488-BDD8-5AB072DE8666}.Debug|x64.Deploy.0 = Debug|x64
		{77DDBA86-E79D-4488-BDD8-5AB072DE8666}.Debug|x86.ActiveCfg = Debug|x86
		{77DDBA86-E79D-4488-BDD8-5AB072DE8666}.Debug|x86.Build.0 = Debug|x86
		{77DDBA86-E79D-4488-BDD8-5AB072DE8666}.Debug|x86.Deploy.0 = Debug|x86
		{77DDBA86-E79D-4488-BDD8-5AB072DE8666}.Release|Any CPU.ActiveCfg = Release|x86
		{77DDBA86-E79D-4488-BDD8-5AB072DE8666}.Release|Any CPU.Build.0 = Release|x86
		{77DDBA86-E79D-4488-BDD8-5AB072DE8666}.Release|ARM.ActiveCfg = Release|ARM
		{77DDBA86-E79D-4488-BDD8-5AB072DE8666}.Release|ARM.Build.0 = Release|ARM
		{77DDBA86-E79D-4488-BDD8-5AB072DE8666}.Release|ARM.Deploy.0 = Release|ARM
		{77DDBA86-E79D-4488-BDD8-5AB072DE8666}.Release|ARM64.ActiveCfg = Release|ARM64
		{77DDBA86-E79D-4488-BDD8-5AB072DE8666}.Release|ARM64.Build.0 = Release|ARM64
		{77DDBA86-E79D-4488-BDD8-5AB072DE8666}.Release|ARM64.Deploy.0 = Release|ARM64
		{77DDBA86-E79D-4488-BDD8-5AB072DE8666}.Release|x64.ActiveCfg = Release|x64
		{77DDBA86-E79D-4488-BDD8-5AB072DE8666}.Release|x64.Build.0 = Release|x64
		{77DDBA86-E79D-4488-BDD8-5AB072DE8666}.Release|x64.Deploy.0 = Release|x64
		{77DDBA86-E79D-4488-BDD8-5AB072DE8666}.Release|x86.ActiveCfg = Release|x86
		{77DDBA86-E79D-4488-BDD8-5AB072DE8666}.Release|x86.Build.0 = Release|x86
		{77DDBA86-E79D-4488-BDD8-5AB072DE8666}.Release|x86.Deploy.0 = Release|x86
		{FD6902E4-43B7-408C-B560-D6F16A23CDC9}.Debug|Any CPU.ActiveCfg = Debug|Any CPU
		{FD6902E4-43B7-408C-B560-D6F16A23CDC9}.Debug|Any CPU.Build.0 = Debug|Any CPU
		{FD6902E4-43B7-408C-B560-D6F16A23CDC9}.Debug|ARM.ActiveCfg = Debug|Any CPU
		{FD6902E4-43B7-408C-B560-D6F16A23CDC9}.Debug|ARM.Build.0 = Debug|Any CPU
		{FD6902E4-43B7-408C-B560-D6F16A23CDC9}.Debug|ARM64.ActiveCfg = Debug|Any CPU
		{FD6902E4-43B7-408C-B560-D6F16A23CDC9}.Debug|ARM64.Build.0 = Debug|Any CPU
		{FD6902E4-43B7-408C-B560-D6F16A23CDC9}.Debug|x64.ActiveCfg = Debug|Any CPU
		{FD6902E4-43B7-408C-B560-D6F16A23CDC9}.Debug|x64.Build.0 = Debug|Any CPU
		{FD6902E4-43B7-408C-B560-D6F16A23CDC9}.Debug|x86.ActiveCfg = Debug|Any CPU
		{FD6902E4-43B7-408C-B560-D6F16A23CDC9}.Debug|x86.Build.0 = Debug|Any CPU
		{FD6902E4-43B7-408C-B560-D6F16A23CDC9}.Release|Any CPU.ActiveCfg = Release|Any CPU
		{FD6902E4-43B7-408C-B560-D6F16A23CDC9}.Release|Any CPU.Build.0 = Release|Any CPU
		{FD6902E4-43B7-408C-B560-D6F16A23CDC9}.Release|ARM.ActiveCfg = Release|Any CPU
		{FD6902E4-43B7-408C-B560-D6F16A23CDC9}.Release|ARM.Build.0 = Release|Any CPU
		{FD6902E4-43B7-408C-B560-D6F16A23CDC9}.Release|ARM64.ActiveCfg = Release|Any CPU
		{FD6902E4-43B7-408C-B560-D6F16A23CDC9}.Release|ARM64.Build.0 = Release|Any CPU
		{FD6902E4-43B7-408C-B560-D6F16A23CDC9}.Release|x64.ActiveCfg = Release|Any CPU
		{FD6902E4-43B7-408C-B560-D6F16A23CDC9}.Release|x64.Build.0 = Release|Any CPU
		{FD6902E4-43B7-408C-B560-D6F16A23CDC9}.Release|x86.ActiveCfg = Release|Any CPU
		{FD6902E4-43B7-408C-B560-D6F16A23CDC9}.Release|x86.Build.0 = Release|Any CPU
	EndGlobalSection
	GlobalSection(SolutionProperties) = preSolution
		HideSolutionNode = FALSE
	EndGlobalSection
	GlobalSection(ExtensibilityGlobals) = postSolution
		SolutionGuid = {8012732D-DFF1-4ED3-BB06-AAEEF6CFC60B}
	EndGlobalSection
EndGlobal
