
Microsoft Visual Studio Solution File, Format Version 12.00
# Visual Studio Version 16
VisualStudioVersion = 16.0.29326.143
MinimumVisualStudioVersion = 10.0.40219.1
Project("{2150E333-8FDC-42A3-9474-1A3956D46DE8}") = "Solution Itens", "Solution Itens", "{E610FE45-FC29-4489-AC5E-9947D7D6E040}"
	ProjectSection(SolutionItems) = preProject
		mdSample.md = mdSample.md
		Readme.md = Readme.md
	EndProjectSection
EndProject
Project("{9A19103F-16F7-4668-BE54-9A1E7A4F7556}") = "MdTranslator", "src\MdTranslator\MdTranslator.csproj", "{C5EB3494-FE45-4706-BD3F-41AD9CFA3226}"
EndProject
Project("{9A19103F-16F7-4668-BE54-9A1E7A4F7556}") = "MdTranslator.Lib", "src\MdTranslator.Lib\MdTranslator.Lib.csproj", "{03DD076E-790A-4A0A-8A2A-9448C2D58AB0}"
EndProject
Project("{2150E333-8FDC-42A3-9474-1A3956D46DE8}") = "Solution Items", "Solution Items", "{EEAF6ECE-3216-4983-9D15-94B647BB98E0}"
	ProjectSection(SolutionItems) = preProject
		.editorconfig = .editorconfig
	EndProjectSection
EndProject
Global
	GlobalSection(SolutionConfigurationPlatforms) = preSolution
		Debug|Any CPU = Debug|Any CPU
		Release|Any CPU = Release|Any CPU
	EndGlobalSection
	GlobalSection(ProjectConfigurationPlatforms) = postSolution
		{C5EB3494-FE45-4706-BD3F-41AD9CFA3226}.Debug|Any CPU.ActiveCfg = Debug|Any CPU
		{C5EB3494-FE45-4706-BD3F-41AD9CFA3226}.Debug|Any CPU.Build.0 = Debug|Any CPU
		{C5EB3494-FE45-4706-BD3F-41AD9CFA3226}.Release|Any CPU.ActiveCfg = Release|Any CPU
		{C5EB3494-FE45-4706-BD3F-41AD9CFA3226}.Release|Any CPU.Build.0 = Release|Any CPU
		{03DD076E-790A-4A0A-8A2A-9448C2D58AB0}.Debug|Any CPU.ActiveCfg = Debug|Any CPU
		{03DD076E-790A-4A0A-8A2A-9448C2D58AB0}.Debug|Any CPU.Build.0 = Debug|Any CPU
		{03DD076E-790A-4A0A-8A2A-9448C2D58AB0}.Release|Any CPU.ActiveCfg = Release|Any CPU
		{03DD076E-790A-4A0A-8A2A-9448C2D58AB0}.Release|Any CPU.Build.0 = Release|Any CPU
	EndGlobalSection
	GlobalSection(SolutionProperties) = preSolution
		HideSolutionNode = FALSE
	EndGlobalSection
	GlobalSection(ExtensibilityGlobals) = postSolution
		SolutionGuid = {8012732D-DFF1-4ED3-BB06-AAEEF6CFC60B}
	EndGlobalSection
EndGlobal
